
Microsoft Visual Studio Solution File, Format Version 12.00
# Visual Studio Version 16
VisualStudioVersion = 16.0.31702.278
MinimumVisualStudioVersion = 10.0.40219.1
Project("{8BC9CEB8-8B4A-11D0-8D11-00A0C91BC942}") = "Variables3Basics", "Variables3Basics.vcxproj", "{395F1613-8882-4BFE-B6AB-C6E8849864C2}"
EndProject
Global
	GlobalSection(SolutionConfigurationPlatforms) = preSolution
		Debug|x64 = Debug|x64
		Debug|x86 = Debug|x86
		Release|x64 = Release|x64
		Release|x86 = Release|x86
	EndGlobalSection
	GlobalSection(ProjectConfigurationPlatforms) = postSolution
		{395F1613-8882-4BFE-B6AB-C6E8849864C2}.Debug|x64.ActiveCfg = Debug|x64
		{395F1613-8882-4BFE-B6AB-C6E8849864C2}.Debug|x64.Build.0 = Debug|x64
		{395F1613-8882-4BFE-B6AB-C6E8849864C2}.Debug|x86.ActiveCfg = Debug|Win32
		{395F1613-8882-4BFE-B6AB-C6E8849864C2}.Debug|x86.Build.0 = Debug|Win32
		{395F1613-8882-4BFE-B6AB-C6E8849864C2}.Release|x64.ActiveCfg = Release|x64
		{395F1613-8882-4BFE-B6AB-C6E8849864C2}.Release|x64.Build.0 = Release|x64
		{395F1613-8882-4BFE-B6AB-C6E8849864C2}.Release|x86.ActiveCfg = Release|Win32
		{395F1613-8882-4BFE-B6AB-C6E8849864C2}.Release|x86.Build.0 = Release|Win32
	EndGlobalSection
	GlobalSection(SolutionProperties) = preSolution
		HideSolutionNode = FALSE
	EndGlobalSection
	GlobalSection(ExtensibilityGlobals) = postSolution
		SolutionGuid = {547AE382-8C0A-4F60-B59B-A789B04C1B87}
	EndGlobalSection
EndGlobal
