
Microsoft Visual Studio Solution File, Format Version 12.00
# Visual Studio Version 17
VisualStudioVersion = 17.1.31911.260
MinimumVisualStudioVersion = 10.0.40219.1
Project("{8BC9CEB8-8B4A-11D0-8D11-00A0C91BC942}") = "FrameTime", "FrameTime.vcxproj", "{DA6211B1-DBB8-49E5-9343-D774C17A81E2}"
EndProject
Global
	GlobalSection(SolutionConfigurationPlatforms) = preSolution
		Debug|x64 = Debug|x64
		Debug|x86 = Debug|x86
		Release|x64 = Release|x64
		Release|x86 = Release|x86
	EndGlobalSection
	GlobalSection(ProjectConfigurationPlatforms) = postSolution
		{DA6211B1-DBB8-49E5-9343-D774C17A81E2}.Debug|x64.ActiveCfg = Debug|x64
		{DA6211B1-DBB8-49E5-9343-D774C17A81E2}.Debug|x64.Build.0 = Debug|x64
		{DA6211B1-DBB8-49E5-9343-D774C17A81E2}.Debug|x86.ActiveCfg = Debug|Win32
		{DA6211B1-DBB8-49E5-9343-D774C17A81E2}.Debug|x86.Build.0 = Debug|Win32
		{DA6211B1-DBB8-49E5-9343-D774C17A81E2}.Release|x64.ActiveCfg = Release|x64
		{DA6211B1-DBB8-49E5-9343-D774C17A81E2}.Release|x64.Build.0 = Release|x64
		{DA6211B1-DBB8-49E5-9343-D774C17A81E2}.Release|x86.ActiveCfg = Release|Win32
		{DA6211B1-DBB8-49E5-9343-D774C17A81E2}.Release|x86.Build.0 = Release|Win32
	EndGlobalSection
	GlobalSection(SolutionProperties) = preSolution
		HideSolutionNode = FALSE
	EndGlobalSection
	GlobalSection(ExtensibilityGlobals) = postSolution
		SolutionGuid = {20EDA316-4D82-4A71-931D-29FBCEE61A49}
	EndGlobalSection
EndGlobal
