
Microsoft Visual Studio Solution File, Format Version 12.00
# Visual Studio Version 16
VisualStudioVersion = 16.0.31702.278
MinimumVisualStudioVersion = 10.0.40219.1
Project("{8BC9CEB8-8B4A-11D0-8D11-00A0C91BC942}") = "SDLAndOpenGL", "SDLAndOpenGL.vcxproj", "{7CB488B8-92E8-4F57-9D26-5F1FD8EA2173}"
EndProject
Global
	GlobalSection(SolutionConfigurationPlatforms) = preSolution
		Debug|x64 = Debug|x64
		Debug|x86 = Debug|x86
		Release|x64 = Release|x64
		Release|x86 = Release|x86
	EndGlobalSection
	GlobalSection(ProjectConfigurationPlatforms) = postSolution
		{7CB488B8-92E8-4F57-9D26-5F1FD8EA2173}.Debug|x64.ActiveCfg = Debug|x64
		{7CB488B8-92E8-4F57-9D26-5F1FD8EA2173}.Debug|x64.Build.0 = Debug|x64
		{7CB488B8-92E8-4F57-9D26-5F1FD8EA2173}.Debug|x86.ActiveCfg = Debug|Win32
		{7CB488B8-92E8-4F57-9D26-5F1FD8EA2173}.Debug|x86.Build.0 = Debug|Win32
		{7CB488B8-92E8-4F57-9D26-5F1FD8EA2173}.Release|x64.ActiveCfg = Release|x64
		{7CB488B8-92E8-4F57-9D26-5F1FD8EA2173}.Release|x64.Build.0 = Release|x64
		{7CB488B8-92E8-4F57-9D26-5F1FD8EA2173}.Release|x86.ActiveCfg = Release|Win32
		{7CB488B8-92E8-4F57-9D26-5F1FD8EA2173}.Release|x86.Build.0 = Release|Win32
	EndGlobalSection
	GlobalSection(SolutionProperties) = preSolution
		HideSolutionNode = FALSE
	EndGlobalSection
	GlobalSection(ExtensibilityGlobals) = postSolution
		SolutionGuid = {2B15E737-A99A-4E3E-872D-E9CB63B36490}
	EndGlobalSection
EndGlobal
